// !$*UTF8*$!
{
	archiveVersion = 1;
	classes = {
	};
	objectVersion = 77;
	objects = {

/* Begin PBXBuildFile section */
		1F3247AA2F69F9C000156831 /* KeyInfo.swift in Sources */ = {isa = PBXBuildFile; fileRef = 1F3247A92F69F9C000156831 /* KeyInfo.swift */; };
		1F3247AB2F69F9C000156831 /* GPGXPCError.swift in Sources */ = {isa = PBXBuildFile; fileRef = 1F3247A72F69F9C000156831 /* GPGXPCError.swift */; };
		1F3247AC2F69F9C000156831 /* GPGXPCProtocol.swift in Sources */ = {isa = PBXBuildFile; fileRef = 1F3247A82F69F9C000156831 /* GPGXPCProtocol.swift */; };
		1F3247AD2F69F9C000156831 /* KeyInfo.swift in Sources */ = {isa = PBXBuildFile; fileRef = 1F3247A92F69F9C000156831 /* KeyInfo.swift */; };
		1F3247AE2F69F9C000156831 /* GPGXPCError.swift in Sources */ = {isa = PBXBuildFile; fileRef = 1F3247A72F69F9C000156831 /* GPGXPCError.swift */; };
		1F3247AF2F69F9C000156831 /* GPGXPCProtocol.swift in Sources */ = {isa = PBXBuildFile; fileRef = 1F3247A82F69F9C000156831 /* GPGXPCProtocol.swift */; };
		1F5965DA2F69928A000486DC /* MailGPGExtension.appex in Embed Foundation Extensions */ = {isa = PBXBuildFile; fileRef = 1F5965C12F69928A000486DC /* MailGPGExtension.appex */; settings = {ATTRIBUTES = (RemoveHeadersOnCopy, ); }; };
		1F795F852F712CED00FF6227 /* SystemStatus.swift in Sources */ = {isa = PBXBuildFile; fileRef = 1F795F842F712CED00FF6227 /* SystemStatus.swift */; };
		1F795F862F712CED00FF6227 /* SystemStatus.swift in Sources */ = {isa = PBXBuildFile; fileRef = 1F795F842F712CED00FF6227 /* SystemStatus.swift */; };
		1FE946972F6AAE4C0049A0F8 /* SecurityStatus.swift in Sources */ = {isa = PBXBuildFile; fileRef = 1FE946962F6AAE4C0049A0F8 /* SecurityStatus.swift */; };
		1FE946982F6AAE4C0049A0F8 /* SecurityStatus.swift in Sources */ = {isa = PBXBuildFile; fileRef = 1FE946962F6AAE4C0049A0F8 /* SecurityStatus.swift */; };
		B865AAE3664A45DB8D022CEA /* TrustLevel.swift in Sources */ = {isa = PBXBuildFile; fileRef = E740A487D0E04695BEC7B959 /* TrustLevel.swift */; };
		C44923A61DF642298128C68C /* TrustLevel.swift in Sources */ = {isa = PBXBuildFile; fileRef = E740A487D0E04695BEC7B959 /* TrustLevel.swift */; };
/* End PBXBuildFile section */

/* Begin PBXContainerItemProxy section */
		1F5965D82F69928A000486DC /* PBXContainerItemProxy */ = {
			isa = PBXContainerItemProxy;
			containerPortal = 1F5965A72F699227000486DC /* Project object */;
			proxyType = 1;
			remoteGlobalIDString = 1F5965C02F69928A000486DC;
			remoteInfo = MailGPGExtension;
		};
		AABB0001AABB0001AABB0001 /* PBXContainerItemProxy */ = {
			isa = PBXContainerItemProxy;
			containerPortal = 1F5965A72F699227000486DC /* Project object */;
			proxyType = 1;
			remoteGlobalIDString = 1F5965AE2F699227000486DC;
			remoteInfo = MailGPG;
		};
/* End PBXContainerItemProxy section */

/* Begin PBXCopyFilesBuildPhase section */
		1F5965DF2F69928A000486DC /* Embed Foundation Extensions */ = {
			isa = PBXCopyFilesBuildPhase;
			buildActionMask = 2147483647;
			dstPath = "";
			dstSubfolderSpec = 13;
			files = (
				1F5965DA2F69928A000486DC /* MailGPGExtension.appex in Embed Foundation Extensions */,
			);
			name = "Embed Foundation Extensions";
			runOnlyForDeploymentPostprocessing = 0;
		};
/* End PBXCopyFilesBuildPhase section */

/* Begin PBXFileReference section */
		1F2792122F7267CD006BF29B /* README.md */ = {isa = PBXFileReference; lastKnownFileType = net.daringfireball.markdown; path = README.md; sourceTree = "<group>"; };
		1F3247A72F69F9C000156831 /* GPGXPCError.swift */ = {isa = PBXFileReference; lastKnownFileType = sourcecode.swift; path = GPGXPCError.swift; sourceTree = "<group>"; };
		1F3247A82F69F9C000156831 /* GPGXPCProtocol.swift */ = {isa = PBXFileReference; lastKnownFileType = sourcecode.swift; path = GPGXPCProtocol.swift; sourceTree = "<group>"; };
		1F3247A92F69F9C000156831 /* KeyInfo.swift */ = {isa = PBXFileReference; lastKnownFileType = sourcecode.swift; path = KeyInfo.swift; sourceTree = "<group>"; };
		1F5965AF2F699227000486DC /* MailGPG.app */ = {isa = PBXFileReference; explicitFileType = wrapper.application; includeInIndex = 0; path = MailGPG.app; sourceTree = BUILT_PRODUCTS_DIR; };
		1F5965C12F69928A000486DC /* MailGPGExtension.appex */ = {isa = PBXFileReference; explicitFileType = "wrapper.app-extension"; includeInIndex = 0; path = MailGPGExtension.appex; sourceTree = BUILT_PRODUCTS_DIR; };
		1F5965EB2F69A42F000486DC /* Claude.md */ = {isa = PBXFileReference; lastKnownFileType = sourcecode.swift; path = Claude.md; sourceTree = "<group>"; };
		1F795F842F712CED00FF6227 /* SystemStatus.swift */ = {isa = PBXFileReference; lastKnownFileType = sourcecode.swift; path = SystemStatus.swift; sourceTree = "<group>"; };
		1F795F8D2F714FF000FF6227 /* mailgpg.rb */ = {isa = PBXFileReference; lastKnownFileType = text.script.ruby; path = mailgpg.rb; sourceTree = "<group>"; };
		1F795F8F2F714FF000FF6227 /* release.yml */ = {isa = PBXFileReference; lastKnownFileType = text.yaml; path = release.yml; sourceTree = "<group>"; };
		1F795F902F714FF000FF6227 /* SECRETS.md */ = {isa = PBXFileReference; lastKnownFileType = net.daringfireball.markdown; path = SECRETS.md; sourceTree = "<group>"; };
		1FE946962F6AAE4C0049A0F8 /* SecurityStatus.swift */ = {isa = PBXFileReference; lastKnownFileType = sourcecode.swift; path = SecurityStatus.swift; sourceTree = "<group>"; };
		AABB0002AABB0002AABB0002 /* MailGPGTests.xctest */ = {isa = PBXFileReference; explicitFileType = wrapper.cfbundle; includeInIndex = 0; path = MailGPGTests.xctest; sourceTree = BUILT_PRODUCTS_DIR; };
		AABB00CC00CCAABB00CC00CC /* MailGPG.xctestplan */ = {isa = PBXFileReference; lastKnownFileType = text; path = MailGPG.xctestplan; sourceTree = "<group>"; };
		E740A487D0E04695BEC7B959 /* TrustLevel.swift */ = {isa = PBXFileReference; lastKnownFileType = sourcecode.swift; path = TrustLevel.swift; sourceTree = "<group>"; };
/* End PBXFileReference section */

/* Begin PBXFileSystemSynchronizedBuildFileExceptionSet section */
		1F5965DB2F69928A000486DC /* Exceptions for "MailGPGExtension" folder in "MailGPGExtension" target */ = {
			isa = PBXFileSystemSynchronizedBuildFileExceptionSet;
			membershipExceptions = (
				Info.plist,
			);
			target = 1F5965C02F69928A000486DC /* MailGPGExtension */;
		};
/* End PBXFileSystemSynchronizedBuildFileExceptionSet section */

/* Begin PBXFileSystemSynchronizedRootGroup section */
		1F5965B12F699227000486DC /* MailGPG */ = {
			isa = PBXFileSystemSynchronizedRootGroup;
			path = MailGPG;
			sourceTree = "<group>";
		};
		1F5965C22F69928A000486DC /* MailGPGExtension */ = {
			isa = PBXFileSystemSynchronizedRootGroup;
			exceptions = (
				1F5965DB2F69928A000486DC /* Exceptions for "MailGPGExtension" folder in "MailGPGExtension" target */,
			);
			path = MailGPGExtension;
			sourceTree = "<group>";
		};
		AABB0003AABB0003AABB0003 /* MailGPGTests */ = {
			isa = PBXFileSystemSynchronizedRootGroup;
			path = MailGPGTests;
			sourceTree = "<group>";
		};
/* End PBXFileSystemSynchronizedRootGroup section */

/* Begin PBXFrameworksBuildPhase section */
		1F5965AC2F699227000486DC /* Frameworks */ = {
			isa = PBXFrameworksBuildPhase;
			buildActionMask = 2147483647;
			files = (
			);
			runOnlyForDeploymentPostprocessing = 0;
		};
		1F5965BE2F69928A000486DC /* Frameworks */ = {
			isa = PBXFrameworksBuildPhase;
			buildActionMask = 2147483647;
			files = (
			);
			runOnlyForDeploymentPostprocessing = 0;
		};
		AABB0004AABB0004AABB0004 /* Frameworks */ = {
			isa = PBXFrameworksBuildPhase;
			buildActionMask = 2147483647;
			files = (
			);
			runOnlyForDeploymentPostprocessing = 0;
		};
/* End PBXFrameworksBuildPhase section */

/* Begin PBXGroup section */
		1F3247A62F69F97400156831 /* Shared */ = {
			isa = PBXGroup;
			children = (
				1F795F842F712CED00FF6227 /* SystemStatus.swift */,
				1FE946962F6AAE4C0049A0F8 /* SecurityStatus.swift */,
				1F3247A72F69F9C000156831 /* GPGXPCError.swift */,
				1F3247A82F69F9C000156831 /* GPGXPCProtocol.swift */,
				1F3247A92F69F9C000156831 /* KeyInfo.swift */,
				E740A487D0E04695BEC7B959 /* TrustLevel.swift */,
			);
			path = Shared;
			sourceTree = "<group>";
		};
		1F5965A62F699227000486DC = {
			isa = PBXGroup;
			children = (
				1F3247A62F69F97400156831 /* Shared */,
				1F5965EB2F69A42F000486DC /* Claude.md */,
				1F5965B12F699227000486DC /* MailGPG */,
				1F5965C22F69928A000486DC /* MailGPGExtension */,
				AABB0003AABB0003AABB0003 /* MailGPGTests */,
				AABB00CC00CCAABB00CC00CC /* MailGPG.xctestplan */,
				1F5965B02F699227000486DC /* Products */,
				1F795F922F714FF000FF6227 /* .github */,
				1F2792122F7267CD006BF29B /* README.md */,
			);
			sourceTree = "<group>";
		};
		1F5965B02F699227000486DC /* Products */ = {
			isa = PBXGroup;
			children = (
				1F5965AF2F699227000486DC /* MailGPG.app */,
				1F5965C12F69928A000486DC /* MailGPGExtension.appex */,
				AABB0002AABB0002AABB0002 /* MailGPGTests.xctest */,
			);
			name = Products;
			sourceTree = "<group>";
		};
		1F795F8E2F714FF000FF6227 /* homebrew */ = {
			isa = PBXGroup;
			children = (
				1F795F8D2F714FF000FF6227 /* mailgpg.rb */,
			);
			path = homebrew;
			sourceTree = "<group>";
		};
		1F795F912F714FF000FF6227 /* workflows */ = {
			isa = PBXGroup;
			children = (
				1F795F8F2F714FF000FF6227 /* release.yml */,
				1F795F902F714FF000FF6227 /* SECRETS.md */,
			);
			path = workflows;
			sourceTree = "<group>";
		};
		1F795F922F714FF000FF6227 /* .github */ = {
			isa = PBXGroup;
			children = (
				1F795F8E2F714FF000FF6227 /* homebrew */,
				1F795F912F714FF000FF6227 /* workflows */,
			);
			path = .github;
			sourceTree = "<group>";
		};
/* End PBXGroup section */

/* Begin PBXNativeTarget section */
		1F5965AE2F699227000486DC /* MailGPG */ = {
			isa = PBXNativeTarget;
			buildConfigurationList = 1F5965BA2F699229000486DC /* Build configuration list for PBXNativeTarget "MailGPG" */;
			buildPhases = (
				1F5965AB2F699227000486DC /* Sources */,
				1F5965AC2F699227000486DC /* Frameworks */,
				1F5965AD2F699227000486DC /* Resources */,
				1F5965DF2F69928A000486DC /* Embed Foundation Extensions */,
			);
			buildRules = (
			);
			dependencies = (
				1F5965D92F69928A000486DC /* PBXTargetDependency */,
			);
			fileSystemSynchronizedGroups = (
				1F5965B12F699227000486DC /* MailGPG */,
			);
			name = MailGPG;
			packageProductDependencies = (
			);
			productName = MailGPG;
			productReference = 1F5965AF2F699227000486DC /* MailGPG.app */;
			productType = "com.apple.product-type.application";
		};
		1F5965C02F69928A000486DC /* MailGPGExtension */ = {
			isa = PBXNativeTarget;
			buildConfigurationList = 1F5965DC2F69928A000486DC /* Build configuration list for PBXNativeTarget "MailGPGExtension" */;
			buildPhases = (
				1F5965BD2F69928A000486DC /* Sources */,
				1F5965BE2F69928A000486DC /* Frameworks */,
				1F5965BF2F69928A000486DC /* Resources */,
			);
			buildRules = (
			);
			dependencies = (
			);
			fileSystemSynchronizedGroups = (
				1F5965C22F69928A000486DC /* MailGPGExtension */,
			);
			name = MailGPGExtension;
			packageProductDependencies = (
			);
			productName = MailGPGExtension;
			productReference = 1F5965C12F69928A000486DC /* MailGPGExtension.appex */;
			productType = "com.apple.product-type.app-extension";
		};
		AABB0005AABB0005AABB0005 /* MailGPGTests */ = {
			isa = PBXNativeTarget;
			buildConfigurationList = AABB000BAABB000BAABB000B /* Build configuration list for PBXNativeTarget "MailGPGTests" */;
			buildPhases = (
				AABB0007AABB0007AABB0007 /* Sources */,
				AABB0004AABB0004AABB0004 /* Frameworks */,
				AABB0006AABB0006AABB0006 /* Resources */,
			);
			buildRules = (
			);
			dependencies = (
				AABB0008AABB0008AABB0008 /* PBXTargetDependency */,
			);
			fileSystemSynchronizedGroups = (
				AABB0003AABB0003AABB0003 /* MailGPGTests */,
			);
			name = MailGPGTests;
			packageProductDependencies = (
			);
			productName = MailGPGTests;
			productReference = AABB0002AABB0002AABB0002 /* MailGPGTests.xctest */;
			productType = "com.apple.product-type.bundle.unit-test";
		};
/* End PBXNativeTarget section */

/* Begin PBXProject section */
		1F5965A72F699227000486DC /* Project object */ = {
			isa = PBXProject;
			attributes = {
				BuildIndependentTargetsInParallel = 1;
				LastSwiftUpdateCheck = 2630;
				LastUpgradeCheck = 2630;
				TargetAttributes = {
					1F5965AE2F699227000486DC = {
						CreatedOnToolsVersion = 26.3;
					};
					1F5965C02F69928A000486DC = {
						CreatedOnToolsVersion = 26.3;
					};
					AABB0005AABB0005AABB0005 = {
						CreatedOnToolsVersion = 26.3;
						TestTargetID = 1F5965AE2F699227000486DC;
					};
				};
			};
			buildConfigurationList = 1F5965AA2F699227000486DC /* Build configuration list for PBXProject "MailGPG" */;
			developmentRegion = en;
			hasScannedForEncodings = 0;
			knownRegions = (
				en,
				Base,
			);
			mainGroup = 1F5965A62F699227000486DC;
			minimizedProjectReferenceProxies = 1;
			preferredProjectObjectVersion = 77;
			productRefGroup = 1F5965B02F699227000486DC /* Products */;
			projectDirPath = "";
			projectRoot = "";
			targets = (
				1F5965AE2F699227000486DC /* MailGPG */,
				1F5965C02F69928A000486DC /* MailGPGExtension */,
				AABB0005AABB0005AABB0005 /* MailGPGTests */,
			);
		};
/* End PBXProject section */

/* Begin PBXResourcesBuildPhase section */
		1F5965AD2F699227000486DC /* Resources */ = {
			isa = PBXResourcesBuildPhase;
			buildActionMask = 2147483647;
			files = (
			);
			runOnlyForDeploymentPostprocessing = 0;
		};
		1F5965BF2F69928A000486DC /* Resources */ = {
			isa = PBXResourcesBuildPhase;
			buildActionMask = 2147483647;
			files = (
			);
			runOnlyForDeploymentPostprocessing = 0;
		};
		AABB0006AABB0006AABB0006 /* Resources */ = {
			isa = PBXResourcesBuildPhase;
			buildActionMask = 2147483647;
			files = (
			);
			runOnlyForDeploymentPostprocessing = 0;
		};
/* End PBXResourcesBuildPhase section */

/* Begin PBXSourcesBuildPhase section */
		1F5965AB2F699227000486DC /* Sources */ = {
			isa = PBXSourcesBuildPhase;
			buildActionMask = 2147483647;
			files = (
				1F795F862F712CED00FF6227 /* SystemStatus.swift in Sources */,
				1F3247AA2F69F9C000156831 /* KeyInfo.swift in Sources */,
				1FE946972F6AAE4C0049A0F8 /* SecurityStatus.swift in Sources */,
				1F3247AB2F69F9C000156831 /* GPGXPCError.swift in Sources */,
				1F3247AC2F69F9C000156831 /* GPGXPCProtocol.swift in Sources */,
				B865AAE3664A45DB8D022CEA /* TrustLevel.swift in Sources */,
			);
			runOnlyForDeploymentPostprocessing = 0;
		};
		1F5965BD2F69928A000486DC /* Sources */ = {
			isa = PBXSourcesBuildPhase;
			buildActionMask = 2147483647;
			files = (
				1FE946982F6AAE4C0049A0F8 /* SecurityStatus.swift in Sources */,
				1F3247AD2F69F9C000156831 /* KeyInfo.swift in Sources */,
				1F3247AE2F69F9C000156831 /* GPGXPCError.swift in Sources */,
				1F3247AF2F69F9C000156831 /* GPGXPCProtocol.swift in Sources */,
				1F795F852F712CED00FF6227 /* SystemStatus.swift in Sources */,
				C44923A61DF642298128C68C /* TrustLevel.swift in Sources */,
			);
			runOnlyForDeploymentPostprocessing = 0;
		};
		AABB0007AABB0007AABB0007 /* Sources */ = {
			isa = PBXSourcesBuildPhase;
			buildActionMask = 2147483647;
			files = (
			);
			runOnlyForDeploymentPostprocessing = 0;
		};
/* End PBXSourcesBuildPhase section */

/* Begin PBXTargetDependency section */
		1F5965D92F69928A000486DC /* PBXTargetDependency */ = {
			isa = PBXTargetDependency;
			target = 1F5965C02F69928A000486DC /* MailGPGExtension */;
			targetProxy = 1F5965D82F69928A000486DC /* PBXContainerItemProxy */;
		};
		AABB0008AABB0008AABB0008 /* PBXTargetDependency */ = {
			isa = PBXTargetDependency;
			target = 1F5965AE2F699227000486DC /* MailGPG */;
			targetProxy = AABB0001AABB0001AABB0001 /* PBXContainerItemProxy */;
		};
/* End PBXTargetDependency section */

/* Begin XCBuildConfiguration section */
		1F5965B82F699229000486DC /* Debug */ = {
			isa = XCBuildConfiguration;
			buildSettings = {
				ALWAYS_SEARCH_USER_PATHS = NO;
				ASSETCATALOG_COMPILER_GENERATE_SWIFT_ASSET_SYMBOL_EXTENSIONS = YES;
				CLANG_ANALYZER_NONNULL = YES;
				CLANG_ANALYZER_NUMBER_OBJECT_CONVERSION = YES_AGGRESSIVE;
				CLANG_CXX_LANGUAGE_STANDARD = "gnu++20";
				CLANG_ENABLE_MODULES = YES;
				CLANG_ENABLE_OBJC_ARC = YES;
				CLANG_ENABLE_OBJC_WEAK = YES;
				CLANG_WARN_BLOCK_CAPTURE_AUTORELEASING = YES;
				CLANG_WARN_BOOL_CONVERSION = YES;
				CLANG_WARN_COMMA = YES;
				CLANG_WARN_CONSTANT_CONVERSION = YES;
				CLANG_WARN_DEPRECATED_OBJC_IMPLEMENTATIONS = YES;
				CLANG_WARN_DIRECT_OBJC_ISA_USAGE = YES_ERROR;
				CLANG_WARN_DOCUMENTATION_COMMENTS = YES;
				CLANG_WARN_EMPTY_BODY = YES;
				CLANG_WARN_ENUM_CONVERSION = YES;
				CLANG_WARN_INFINITE_RECURSION = YES;
				CLANG_WARN_INT_CONVERSION = YES;
				CLANG_WARN_NON_LITERAL_NULL_CONVERSION = YES;
				CLANG_WARN_OBJC_IMPLICIT_RETAIN_SELF = YES;
				CLANG_WARN_OBJC_LITERAL_CONVERSION = YES;
				CLANG_WARN_OBJC_ROOT_CLASS = YES_ERROR;
				CLANG_WARN_QUOTED_INCLUDE_IN_FRAMEWORK_HEADER = YES;
				CLANG_WARN_RANGE_LOOP_ANALYSIS = YES;
				CLANG_WARN_STRICT_PROTOTYPES = YES;
				CLANG_WARN_SUSPICIOUS_MOVE = YES;
				CLANG_WARN_UNGUARDED_AVAILABILITY = YES_AGGRESSIVE;
				CLANG_WARN_UNREACHABLE_CODE = YES;
				CLANG_WARN__DUPLICATE_METHOD_MATCH = YES;
				COPY_PHASE_STRIP = NO;
				DEBUG_INFORMATION_FORMAT = dwarf;
				DEVELOPMENT_TEAM = ZM4SAL8656;
				ENABLE_STRICT_OBJC_MSGSEND = YES;
				ENABLE_TESTABILITY = YES;
				ENABLE_USER_SCRIPT_SANDBOXING = YES;
				GCC_C_LANGUAGE_STANDARD = gnu17;
				GCC_DYNAMIC_NO_PIC = NO;
				GCC_NO_COMMON_BLOCKS = YES;
				GCC_OPTIMIZATION_LEVEL = 0;
				GCC_PREPROCESSOR_DEFINITIONS = (
					"DEBUG=1",
					"$(inherited)",
				);
				GCC_WARN_64_TO_32_BIT_CONVERSION = YES;
				GCC_WARN_ABOUT_RETURN_TYPE = YES_ERROR;
				GCC_WARN_UNDECLARED_SELECTOR = YES;
				GCC_WARN_UNINITIALIZED_AUTOS = YES_AGGRESSIVE;
				GCC_WARN_UNUSED_FUNCTION = YES;
				GCC_WARN_UNUSED_VARIABLE = YES;
				LOCALIZATION_PREFERS_STRING_CATALOGS = YES;
				MACOSX_DEPLOYMENT_TARGET = 26.2;
				MTL_ENABLE_DEBUG_INFO = INCLUDE_SOURCE;
				MTL_FAST_MATH = YES;
				ONLY_ACTIVE_ARCH = YES;
				SDKROOT = macosx;
				SWIFT_ACTIVE_COMPILATION_CONDITIONS = "DEBUG $(inherited)";
				SWIFT_OPTIMIZATION_LEVEL = "-Onone";
			};
			name = Debug;
		};
		1F5965B92F699229000486DC /* Release */ = {
			isa = XCBuildConfiguration;
			buildSettings = {
				ALWAYS_SEARCH_USER_PATHS = NO;
				ASSETCATALOG_COMPILER_GENERATE_SWIFT_ASSET_SYMBOL_EXTENSIONS = YES;
				CLANG_ANALYZER_NONNULL = YES;
				CLANG_ANALYZER_NUMBER_OBJECT_CONVERSION = YES_AGGRESSIVE;
				CLANG_CXX_LANGUAGE_STANDARD = "gnu++20";
				CLANG_ENABLE_MODULES = YES;
				CLANG_ENABLE_OBJC_ARC = YES;
				CLANG_ENABLE_OBJC_WEAK = YES;
				CLANG_WARN_BLOCK_CAPTURE_AUTORELEASING = YES;
				CLANG_WARN_BOOL_CONVERSION = YES;
				CLANG_WARN_COMMA = YES;
				CLANG_WARN_CONSTANT_CONVERSION = YES;
				CLANG_WARN_DEPRECATED_OBJC_IMPLEMENTATIONS = YES;
				CLANG_WARN_DIRECT_OBJC_ISA_USAGE = YES_ERROR;
				CLANG_WARN_DOCUMENTATION_COMMENTS = YES;
				CLANG_WARN_EMPTY_BODY = YES;
				CLANG_WARN_ENUM_CONVERSION = YES;
				CLANG_WARN_INFINITE_RECURSION = YES;
				CLANG_WARN_INT_CONVERSION = YES;
				CLANG_WARN_NON_LITERAL_NULL_CONVERSION = YES;
				CLANG_WARN_OBJC_IMPLICIT_RETAIN_SELF = YES;
				CLANG_WARN_OBJC_LITERAL_CONVERSION = YES;
				CLANG_WARN_OBJC_ROOT_CLASS = YES_ERROR;
				CLANG_WARN_QUOTED_INCLUDE_IN_FRAMEWORK_HEADER = YES;
				CLANG_WARN_RANGE_LOOP_ANALYSIS = YES;
				CLANG_WARN_STRICT_PROTOTYPES = YES;
				CLANG_WARN_SUSPICIOUS_MOVE = YES;
				CLANG_WARN_UNGUARDED_AVAILABILITY = YES_AGGRESSIVE;
				CLANG_WARN_UNREACHABLE_CODE = YES;
				CLANG_WARN__DUPLICATE_METHOD_MATCH = YES;
				COPY_PHASE_STRIP = NO;
				DEBUG_INFORMATION_FORMAT = "dwarf-with-dsym";
				DEVELOPMENT_TEAM = ZM4SAL8656;
				ENABLE_NS_ASSERTIONS = NO;
				ENABLE_STRICT_OBJC_MSGSEND = YES;
				ENABLE_USER_SCRIPT_SANDBOXING = YES;
				GCC_C_LANGUAGE_STANDARD = gnu17;
				GCC_NO_COMMON_BLOCKS = YES;
				GCC_WARN_64_TO_32_BIT_CONVERSION = YES;
				GCC_WARN_ABOUT_RETURN_TYPE = YES_ERROR;
				GCC_WARN_UNDECLARED_SELECTOR = YES;
				GCC_WARN_UNINITIALIZED_AUTOS = YES_AGGRESSIVE;
				GCC_WARN_UNUSED_FUNCTION = YES;
				GCC_WARN_UNUSED_VARIABLE = YES;
				LOCALIZATION_PREFERS_STRING_CATALOGS = YES;
				MACOSX_DEPLOYMENT_TARGET = 26.2;
				MTL_ENABLE_DEBUG_INFO = NO;
				MTL_FAST_MATH = YES;
				SDKROOT = macosx;
				SWIFT_COMPILATION_MODE = wholemodule;
			};
			name = Release;
		};
		1F5965BB2F699229000486DC /* Debug */ = {
			isa = XCBuildConfiguration;
			buildSettings = {
				ASSETCATALOG_COMPILER_APPICON_NAME = AppIcon;
				ASSETCATALOG_COMPILER_GLOBAL_ACCENT_COLOR_NAME = AccentColor;
				AUTOMATION_APPLE_EVENTS = NO;
				CODE_SIGN_ENTITLEMENTS = MailGPG/MailGPG.entitlements;
				CODE_SIGN_STYLE = Automatic;
				COMBINE_HIDPI_IMAGES = YES;
				CURRENT_PROJECT_VERSION = 1;
				DEVELOPMENT_TEAM = ZM4SAL8656;
				ENABLE_APP_SANDBOX = NO;
				ENABLE_HARDENED_RUNTIME = YES;
				ENABLE_PREVIEWS = YES;
				ENABLE_RESOURCE_ACCESS_AUDIO_INPUT = NO;
				ENABLE_RESOURCE_ACCESS_CALENDARS = NO;
				ENABLE_RESOURCE_ACCESS_CAMERA = NO;
				ENABLE_RESOURCE_ACCESS_CONTACTS = NO;
				ENABLE_RESOURCE_ACCESS_LOCATION = NO;
				ENABLE_RESOURCE_ACCESS_PHOTO_LIBRARY = NO;
				ENABLE_USER_SCRIPT_SANDBOXING = NO;
				ENABLE_USER_SELECTED_FILES = readonly;
				GENERATE_INFOPLIST_FILE = YES;
				INFOPLIST_KEY_LSUIElement = YES;
				INFOPLIST_KEY_NSHumanReadableCopyright = "";
				LD_RUNPATH_SEARCH_PATHS = (
					"$(inherited)",
					"@executable_path/../Frameworks",
				);
				MARKETING_VERSION = 1.0;
				PRODUCT_BUNDLE_IDENTIFIER = com.mahaupt.MailGPG;
				PRODUCT_NAME = "$(TARGET_NAME)";
				REGISTER_APP_GROUPS = YES;
				RUNTIME_EXCEPTION_ALLOW_DYLD_ENVIRONMENT_VARIABLES = NO;
				RUNTIME_EXCEPTION_ALLOW_JIT = NO;
				RUNTIME_EXCEPTION_ALLOW_UNSIGNED_EXECUTABLE_MEMORY = NO;
				RUNTIME_EXCEPTION_DEBUGGING_TOOL = NO;
				RUNTIME_EXCEPTION_DISABLE_EXECUTABLE_PAGE_PROTECTION = NO;
				RUNTIME_EXCEPTION_DISABLE_LIBRARY_VALIDATION = NO;
				STRING_CATALOG_GENERATE_SYMBOLS = YES;
				SWIFT_APPROACHABLE_CONCURRENCY = YES;
				SWIFT_DEFAULT_ACTOR_ISOLATION = MainActor;
				SWIFT_EMIT_LOC_STRINGS = YES;
				SWIFT_UPCOMING_FEATURE_MEMBER_IMPORT_VISIBILITY = YES;
				SWIFT_VERSION = 5.0;
			};
			name = Debug;
		};
		1F5965BC2F699229000486DC /* Release */ = {
			isa = XCBuildConfiguration;
			buildSettings = {
				ASSETCATALOG_COMPILER_APPICON_NAME = AppIcon;
				ASSETCATALOG_COMPILER_GLOBAL_ACCENT_COLOR_NAME = AccentColor;
				AUTOMATION_APPLE_EVENTS = NO;
				CODE_SIGN_ENTITLEMENTS = MailGPG/MailGPG.entitlements;
				CODE_SIGN_IDENTITY = "Apple Development";
				"CODE_SIGN_IDENTITY[sdk=macosx*]" = "Developer ID Application";
				CODE_SIGN_STYLE = Manual;
				COMBINE_HIDPI_IMAGES = YES;
				CURRENT_PROJECT_VERSION = 1;
				DEVELOPMENT_TEAM = "";
				"DEVELOPMENT_TEAM[sdk=macosx*]" = ZM4SAL8656;
				ENABLE_APP_SANDBOX = NO;
				ENABLE_HARDENED_RUNTIME = YES;
				ENABLE_PREVIEWS = YES;
				ENABLE_RESOURCE_ACCESS_AUDIO_INPUT = NO;
				ENABLE_RESOURCE_ACCESS_CALENDARS = NO;
				ENABLE_RESOURCE_ACCESS_CAMERA = NO;
				ENABLE_RESOURCE_ACCESS_CONTACTS = NO;
				ENABLE_RESOURCE_ACCESS_LOCATION = NO;
				ENABLE_RESOURCE_ACCESS_PHOTO_LIBRARY = NO;
				ENABLE_USER_SCRIPT_SANDBOXING = NO;
				ENABLE_USER_SELECTED_FILES = readonly;
				GENERATE_INFOPLIST_FILE = YES;
				INFOPLIST_KEY_LSUIElement = YES;
				INFOPLIST_KEY_NSHumanReadableCopyright = "";
				LD_RUNPATH_SEARCH_PATHS = (
					"$(inherited)",
					"@executable_path/../Frameworks",
				);
				MARKETING_VERSION = 1.0;
				PRODUCT_BUNDLE_IDENTIFIER = com.mahaupt.MailGPG;
				PRODUCT_NAME = "$(TARGET_NAME)";
				PROVISIONING_PROFILE_SPECIFIER = "";
				"PROVISIONING_PROFILE_SPECIFIER[sdk=macosx*]" = MailGPG_DeveloperID;
				REGISTER_APP_GROUPS = YES;
				RUNTIME_EXCEPTION_ALLOW_DYLD_ENVIRONMENT_VARIABLES = NO;
				RUNTIME_EXCEPTION_ALLOW_JIT = NO;
				RUNTIME_EXCEPTION_ALLOW_UNSIGNED_EXECUTABLE_MEMORY = NO;
				RUNTIME_EXCEPTION_DEBUGGING_TOOL = NO;
				RUNTIME_EXCEPTION_DISABLE_EXECUTABLE_PAGE_PROTECTION = NO;
				RUNTIME_EXCEPTION_DISABLE_LIBRARY_VALIDATION = NO;
				STRING_CATALOG_GENERATE_SYMBOLS = YES;
				SWIFT_APPROACHABLE_CONCURRENCY = YES;
				SWIFT_DEFAULT_ACTOR_ISOLATION = MainActor;
				SWIFT_EMIT_LOC_STRINGS = YES;
				SWIFT_UPCOMING_FEATURE_MEMBER_IMPORT_VISIBILITY = YES;
				SWIFT_VERSION = 5.0;
			};
			name = Release;
		};
		1F5965DD2F69928A000486DC /* Debug */ = {
			isa = XCBuildConfiguration;
			buildSettings = {
				CODE_SIGN_ENTITLEMENTS = MailGPGExtension/MailGPGExtension.entitlements;
				CODE_SIGN_STYLE = Automatic;
				COMBINE_HIDPI_IMAGES = YES;
				CURRENT_PROJECT_VERSION = 1;
				DEVELOPMENT_TEAM = ZM4SAL8656;
				ENABLE_APP_SANDBOX = YES;
				ENABLE_HARDENED_RUNTIME = YES;
				ENABLE_USER_SELECTED_FILES = readonly;
				GENERATE_INFOPLIST_FILE = YES;
				INFOPLIST_FILE = MailGPGExtension/Info.plist;
				INFOPLIST_KEY_CFBundleDisplayName = MailGPG;
				INFOPLIST_KEY_NSHumanReadableCopyright = "";
				LD_RUNPATH_SEARCH_PATHS = (
					"$(inherited)",
					"@executable_path/../Frameworks",
					"@executable_path/../../../../Frameworks",
				);
				MARKETING_VERSION = 1.0;
				PRODUCT_BUNDLE_IDENTIFIER = com.mahaupt.MailGPG.MailGPGExtension;
				PRODUCT_NAME = "$(TARGET_NAME)";
				REGISTER_APP_GROUPS = YES;
				SKIP_INSTALL = YES;
				STRING_CATALOG_GENERATE_SYMBOLS = YES;
				SWIFT_APPROACHABLE_CONCURRENCY = YES;
				SWIFT_EMIT_LOC_STRINGS = YES;
				SWIFT_UPCOMING_FEATURE_MEMBER_IMPORT_VISIBILITY = YES;
				SWIFT_VERSION = 5.0;
			};
			name = Debug;
		};
		1F5965DE2F69928A000486DC /* Release */ = {
			isa = XCBuildConfiguration;
			buildSettings = {
				CODE_SIGN_ENTITLEMENTS = MailGPGExtension/MailGPGExtension.entitlements;
				"CODE_SIGN_IDENTITY[sdk=macosx*]" = "Developer ID Application";
				CODE_SIGN_STYLE = Manual;
				COMBINE_HIDPI_IMAGES = YES;
				CURRENT_PROJECT_VERSION = 1;
				DEVELOPMENT_TEAM = "";
				"DEVELOPMENT_TEAM[sdk=macosx*]" = ZM4SAL8656;
				ENABLE_APP_SANDBOX = YES;
				ENABLE_HARDENED_RUNTIME = YES;
				ENABLE_USER_SELECTED_FILES = readonly;
				GENERATE_INFOPLIST_FILE = YES;
				INFOPLIST_FILE = MailGPGExtension/Info.plist;
				INFOPLIST_KEY_CFBundleDisplayName = MailGPG;
				INFOPLIST_KEY_NSHumanReadableCopyright = "";
				LD_RUNPATH_SEARCH_PATHS = (
					"$(inherited)",
					"@executable_path/../Frameworks",
					"@executable_path/../../../../Frameworks",
				);
				MARKETING_VERSION = 1.0;
				PRODUCT_BUNDLE_IDENTIFIER = com.mahaupt.MailGPG.MailGPGExtension;
				PRODUCT_NAME = "$(TARGET_NAME)";
				PROVISIONING_PROFILE_SPECIFIER = "";
				"PROVISIONING_PROFILE_SPECIFIER[sdk=macosx*]" = MailGPGExtension_DeveloperID;
				REGISTER_APP_GROUPS = YES;
				SKIP_INSTALL = YES;
				STRING_CATALOG_GENERATE_SYMBOLS = YES;
				SWIFT_APPROACHABLE_CONCURRENCY = YES;
				SWIFT_EMIT_LOC_STRINGS = YES;
				SWIFT_UPCOMING_FEATURE_MEMBER_IMPORT_VISIBILITY = YES;
				SWIFT_VERSION = 5.0;
			};
			name = Release;
		};
		AABB0009AABB0009AABB0009 /* Debug */ = {
			isa = XCBuildConfiguration;
			buildSettings = {
				BUNDLE_LOADER = "$(TEST_HOST)";
				CODE_SIGN_STYLE = Automatic;
				CURRENT_PROJECT_VERSION = 1;
				DEVELOPMENT_TEAM = ZM4SAL8656;
				GENERATE_INFOPLIST_FILE = YES;
				LD_RUNPATH_SEARCH_PATHS = (
					"$(inherited)",
					"@executable_path/../Frameworks",
					"@loader_path/../Frameworks",
				);
				MARKETING_VERSION = 1.0;
				PRODUCT_BUNDLE_IDENTIFIER = com.mahaupt.MailGPG.MailGPGTests;
				PRODUCT_NAME = "$(TARGET_NAME)";
				SWIFT_APPROACHABLE_CONCURRENCY = YES;
				SWIFT_DEFAULT_ACTOR_ISOLATION = MainActor;
				SWIFT_EMIT_LOC_STRINGS = NO;
				SWIFT_UPCOMING_FEATURE_MEMBER_IMPORT_VISIBILITY = YES;
				SWIFT_VERSION = 5.0;
				TEST_HOST = "$(BUILT_PRODUCTS_DIR)/MailGPG.app/Contents/MacOS/MailGPG";
			};
			name = Debug;
		};
		AABB000AAABB000AAABB000A /* Release */ = {
			isa = XCBuildConfiguration;
			buildSettings = {
				BUNDLE_LOADER = "$(TEST_HOST)";
				CODE_SIGN_STYLE = Automatic;
				CURRENT_PROJECT_VERSION = 1;
				DEVELOPMENT_TEAM = ZM4SAL8656;
				GENERATE_INFOPLIST_FILE = YES;
				LD_RUNPATH_SEARCH_PATHS = (
					"$(inherited)",
					"@executable_path/../Frameworks",
					"@loader_path/../Frameworks",
				);
				MARKETING_VERSION = 1.0;
				PRODUCT_BUNDLE_IDENTIFIER = com.mahaupt.MailGPG.MailGPGTests;
				PRODUCT_NAME = "$(TARGET_NAME)";
				SWIFT_APPROACHABLE_CONCURRENCY = YES;
				SWIFT_DEFAULT_ACTOR_ISOLATION = MainActor;
				SWIFT_EMIT_LOC_STRINGS = NO;
				SWIFT_UPCOMING_FEATURE_MEMBER_IMPORT_VISIBILITY = YES;
				SWIFT_VERSION = 5.0;
				TEST_HOST = "$(BUILT_PRODUCTS_DIR)/MailGPG.app/Contents/MacOS/MailGPG";
			};
			name = Release;
		};
/* End XCBuildConfiguration section */

/* Begin XCConfigurationList section */
		1F5965AA2F699227000486DC /* Build configuration list for PBXProject "MailGPG" */ = {
			isa = XCConfigurationList;
			buildConfigurations = (
				1F5965B82F699229000486DC /* Debug */,
				1F5965B92F699229000486DC /* Release */,
			);
			defaultConfigurationIsVisible = 0;
			defaultConfigurationName = Release;
		};
		1F5965BA2F699229000486DC /* Build configuration list for PBXNativeTarget "MailGPG" */ = {
			isa = XCConfigurationList;
			buildConfigurations = (
				1F5965BB2F699229000486DC /* Debug */,
				1F5965BC2F699229000486DC /* Release */,
			);
			defaultConfigurationIsVisible = 0;
			defaultConfigurationName = Release;
		};
		1F5965DC2F69928A000486DC /* Build configuration list for PBXNativeTarget "MailGPGExtension" */ = {
			isa = XCConfigurationList;
			buildConfigurations = (
				1F5965DD2F69928A000486DC /* Debug */,
				1F5965DE2F69928A000486DC /* Release */,
			);
			defaultConfigurationIsVisible = 0;
			defaultConfigurationName = Release;
		};
		AABB000BAABB000BAABB000B /* Build configuration list for PBXNativeTarget "MailGPGTests" */ = {
			isa = XCConfigurationList;
			buildConfigurations = (
				AABB0009AABB0009AABB0009 /* Debug */,
				AABB000AAABB000AAABB000A /* Release */,
			);
			defaultConfigurationIsVisible = 0;
			defaultConfigurationName = Release;
		};
/* End XCConfigurationList section */
	};
	rootObject = 1F5965A72F699227000486DC /* Project object */;
}
